
Microsoft Visual Studio Solution File, Format Version 12.00
# Visual Studio Version 17
VisualStudioVersion = 17.4.33205.214
MinimumVisualStudioVersion = 10.0.40219.1
Project("{FAE04EC0-301F-11D3-BF4B-00C04F79EFBC}") = "Project1", "Project1\Project1.csproj", "{362A1E35-A3D8-4E3B-AC0A-EA008E486F31}"
EndProject
Project("{FAE04EC0-301F-11D3-BF4B-00C04F79EFBC}") = "MainProject", "MainProject\MainProject.csproj", "{3D7E7EC2-E913-4440-A3F7-F5EC4AEC64A6}"
EndProject
Project("{FAE04EC0-301F-11D3-BF4B-00C04F79EFBC}") = "EmpLib", "FacLib\EmpLib.csproj", "{4DD1C13E-829A-4A86-A9C0-BAE7B12050A1}"
EndProject
Global
	GlobalSection(SolutionConfigurationPlatforms) = preSolution
		Debug|Any CPU = Debug|Any CPU
		Release|Any CPU = Release|Any CPU
	EndGlobalSection
	GlobalSection(ProjectConfigurationPlatforms) = postSolution
		{362A1E35-A3D8-4E3B-AC0A-EA008E486F31}.Debug|Any CPU.ActiveCfg = Debug|Any CPU
		{362A1E35-A3D8-4E3B-AC0A-EA008E486F31}.Debug|Any CPU.Build.0 = Debug|Any CPU
		{362A1E35-A3D8-4E3B-AC0A-EA008E486F31}.Release|Any CPU.ActiveCfg = Release|Any CPU
		{362A1E35-A3D8-4E3B-AC0A-EA008E486F31}.Release|Any CPU.Build.0 = Release|Any CPU
		{3D7E7EC2-E913-4440-A3F7-F5EC4AEC64A6}.Debug|Any CPU.ActiveCfg = Debug|Any CPU
		{3D7E7EC2-E913-4440-A3F7-F5EC4AEC64A6}.Debug|Any CPU.Build.0 = Debug|Any CPU
		{3D7E7EC2-E913-4440-A3F7-F5EC4AEC64A6}.Release|Any CPU.ActiveCfg = Release|Any CPU
		{3D7E7EC2-E913-4440-A3F7-F5EC4AEC64A6}.Release|Any CPU.Build.0 = Release|Any CPU
		{4DD1C13E-829A-4A86-A9C0-BAE7B12050A1}.Debug|Any CPU.ActiveCfg = Debug|Any CPU
		{4DD1C13E-829A-4A86-A9C0-BAE7B12050A1}.Debug|Any CPU.Build.0 = Debug|Any CPU
		{4DD1C13E-829A-4A86-A9C0-BAE7B12050A1}.Release|Any CPU.ActiveCfg = Release|Any CPU
		{4DD1C13E-829A-4A86-A9C0-BAE7B12050A1}.Release|Any CPU.Build.0 = Release|Any CPU
	EndGlobalSection
	GlobalSection(SolutionProperties) = preSolution
		HideSolutionNode = FALSE
	EndGlobalSection
	GlobalSection(ExtensibilityGlobals) = postSolution
		SolutionGuid = {BCDF57BC-6B82-4BDD-859D-1B2D7FEDEF7A}
	EndGlobalSection
EndGlobal
